
Microsoft Visual Studio Solution File, Format Version 12.00
# Visual Studio Version 17
VisualStudioVersion = 17.1.32228.430
MinimumVisualStudioVersion = 10.0.40219.1
Project("{FAE04EC0-301F-11D3-BF4B-00C04F79EFBC}") = "c-sharp-apps-izhar-mashkif", "c-sharp-apps-izhar-mashkif\c-sharp-apps-izhar-mashkif.csproj", "{EEBC8695-4477-4351-97B1-0858F4AC0047}"
EndProject
Global
	GlobalSection(SolutionConfigurationPlatforms) = preSolution
		Debug|Any CPU = Debug|Any CPU
		Release|Any CPU = Release|Any CPU
	EndGlobalSection
	GlobalSection(ProjectConfigurationPlatforms) = postSolution
		{EEBC8695-4477-4351-97B1-0858F4AC0047}.Debug|Any CPU.ActiveCfg = Debug|Any CPU
		{EEBC8695-4477-4351-97B1-0858F4AC0047}.Debug|Any CPU.Build.0 = Debug|Any CPU
		{EEBC8695-4477-4351-97B1-0858F4AC0047}.Release|Any CPU.ActiveCfg = Release|Any CPU
		{EEBC8695-4477-4351-97B1-0858F4AC0047}.Release|Any CPU.Build.0 = Release|Any CPU
	EndGlobalSection
	GlobalSection(SolutionProperties) = preSolution
		HideSolutionNode = FALSE
	EndGlobalSection
	GlobalSection(ExtensibilityGlobals) = postSolution
		SolutionGuid = {E4B5420C-D6FE-4CB7-A493-C396B4FC1B74}
	EndGlobalSection
EndGlobal
